
Microsoft Visual Studio Solution File, Format Version 12.00
# Visual Studio 14
VisualStudioVersion = 14.0.25420.1
MinimumVisualStudioVersion = 10.0.40219.1
Project("{FAE04EC0-301F-11D3-BF4B-00C04F79EFBC}") = "TeduShop.Common", "TeduShop.Common\TeduShop.Common.csproj", "{1EAA46FE-A37B-41AC-A9B1-ED3ED6EB2BA5}"
EndProject
Project("{FAE04EC0-301F-11D3-BF4B-00C04F79EFBC}") = "TeduShop.Model", "TeduShop.Model\TeduShop.Model.csproj", "{B79FC6CD-81FF-45FE-BB8F-9FA4F868DA8B}"
EndProject
Project("{FAE04EC0-301F-11D3-BF4B-00C04F79EFBC}") = "TeduShop.Data", "TeduShop.Data\TeduShop.Data.csproj", "{F585AA7D-CEDD-4FEE-AF14-AE3F1A101F10}"
EndProject
Project("{FAE04EC0-301F-11D3-BF4B-00C04F79EFBC}") = "TeduShop.Service", "TeduShop.Service\TeduShop.Service.csproj", "{706344A0-61F5-4957-9C1B-64603F7E6AC3}"
EndProject
Project("{FAE04EC0-301F-11D3-BF4B-00C04F79EFBC}") = "TeduShop.UnitTest", "TeduShop.UnitTest\TeduShop.UnitTest.csproj", "{C3994921-7424-44A8-B7FA-77F9E2D72438}"
EndProject
Project("{FAE04EC0-301F-11D3-BF4B-00C04F79EFBC}") = "TeduShop.Web", "TeduShop.Web\TeduShop.Web.csproj", "{C63ED458-200E-404E-8F94-5BF03DCC5980}"
EndProject
Global
	GlobalSection(SolutionConfigurationPlatforms) = preSolution
		Debug|Any CPU = Debug|Any CPU
		Release|Any CPU = Release|Any CPU
	EndGlobalSection
	GlobalSection(ProjectConfigurationPlatforms) = postSolution
		{1EAA46FE-A37B-41AC-A9B1-ED3ED6EB2BA5}.Debug|Any CPU.ActiveCfg = Debug|Any CPU
		{1EAA46FE-A37B-41AC-A9B1-ED3ED6EB2BA5}.Debug|Any CPU.Build.0 = Debug|Any CPU
		{1EAA46FE-A37B-41AC-A9B1-ED3ED6EB2BA5}.Release|Any CPU.ActiveCfg = Release|Any CPU
		{1EAA46FE-A37B-41AC-A9B1-ED3ED6EB2BA5}.Release|Any CPU.Build.0 = Release|Any CPU
		{B79FC6CD-81FF-45FE-BB8F-9FA4F868DA8B}.Debug|Any CPU.ActiveCfg = Debug|Any CPU
		{B79FC6CD-81FF-45FE-BB8F-9FA4F868DA8B}.Debug|Any CPU.Build.0 = Debug|Any CPU
		{B79FC6CD-81FF-45FE-BB8F-9FA4F868DA8B}.Release|Any CPU.ActiveCfg = Release|Any CPU
		{B79FC6CD-81FF-45FE-BB8F-9FA4F868DA8B}.Release|Any CPU.Build.0 = Release|Any CPU
		{F585AA7D-CEDD-4FEE-AF14-AE3F1A101F10}.Debug|Any CPU.ActiveCfg = Debug|Any CPU
		{F585AA7D-CEDD-4FEE-AF14-AE3F1A101F10}.Debug|Any CPU.Build.0 = Debug|Any CPU
		{F585AA7D-CEDD-4FEE-AF14-AE3F1A101F10}.Release|Any CPU.ActiveCfg = Release|Any CPU
		{F585AA7D-CEDD-4FEE-AF14-AE3F1A101F10}.Release|Any CPU.Build.0 = Release|Any CPU
		{706344A0-61F5-4957-9C1B-64603F7E6AC3}.Debug|Any CPU.ActiveCfg = Debug|Any CPU
		{706344A0-61F5-4957-9C1B-64603F7E6AC3}.Debug|Any CPU.Build.0 = Debug|Any CPU
		{706344A0-61F5-4957-9C1B-64603F7E6AC3}.Release|Any CPU.ActiveCfg = Release|Any CPU
		{706344A0-61F5-4957-9C1B-64603F7E6AC3}.Release|Any CPU.Build.0 = Release|Any CPU
		{C3994921-7424-44A8-B7FA-77F9E2D72438}.Debug|Any CPU.ActiveCfg = Debug|Any CPU
		{C3994921-7424-44A8-B7FA-77F9E2D72438}.Debug|Any CPU.Build.0 = Debug|Any CPU
		{C3994921-7424-44A8-B7FA-77F9E2D72438}.Release|Any CPU.ActiveCfg = Release|Any CPU
		{C3994921-7424-44A8-B7FA-77F9E2D72438}.Release|Any CPU.Build.0 = Release|Any CPU
		{C63ED458-200E-404E-8F94-5BF03DCC5980}.Debug|Any CPU.ActiveCfg = Debug|Any CPU
		{C63ED458-200E-404E-8F94-5BF03DCC5980}.Debug|Any CPU.Build.0 = Debug|Any CPU
		{C63ED458-200E-404E-8F94-5BF03DCC5980}.Release|Any CPU.ActiveCfg = Release|Any CPU
		{C63ED458-200E-404E-8F94-5BF03DCC5980}.Release|Any CPU.Build.0 = Release|Any CPU
	EndGlobalSection
	GlobalSection(SolutionProperties) = preSolution
		HideSolutionNode = FALSE
	EndGlobalSection
EndGlobal
